
Microsoft Visual Studio Solution File, Format Version 12.00
# Visual Studio Version 17
VisualStudioVersion = 17.12.35309.182
MinimumVisualStudioVersion = 10.0.40219.1
Project("{2150E333-8FDC-42A3-9474-1A3956D46DE8}") = "src", "src", "{1C74E64E-3CB8-4A30-B8B8-FCE344C615D0}"
EndProject
Project("{2150E333-8FDC-42A3-9474-1A3956D46DE8}") = "Core", "Core", "{9D592764-8397-4BD1-87DD-1D7052DD20F9}"
EndProject
Project("{2150E333-8FDC-42A3-9474-1A3956D46DE8}") = "External", "External", "{854C4797-045D-4317-916A-57FF32531214}"
EndProject
Project("{FAE04EC0-301F-11D3-BF4B-00C04F79EFBC}") = "Application", "src\Core\Application\Application.csproj", "{15A1C613-3C45-4915-8D14-9EEFEED57BE8}"
EndProject
Project("{FAE04EC0-301F-11D3-BF4B-00C04F79EFBC}") = "Domain", "src\Core\Domain\Domain.csproj", "{B3C0FE78-3116-47EF-A27D-16BEE3B44B08}"
EndProject
Project("{FAE04EC0-301F-11D3-BF4B-00C04F79EFBC}") = "Web", "src\Web\Web.csproj", "{3BD5B46E-0A18-4A9A-A050-7D213AB4A6F9}"
EndProject
Project("{FAE04EC0-301F-11D3-BF4B-00C04F79EFBC}") = "Infrastructure", "src\External\Infrastructure\Infrastructure.csproj", "{6D652CD6-9F3D-419C-A899-B9D0C2296763}"
EndProject
Project("{FAE04EC0-301F-11D3-BF4B-00C04F79EFBC}") = "Presentation", "src\External\Presentation\Presentation.csproj", "{D0E86F42-1382-48AA-B56E-A8E4A2FC5286}"
EndProject
Project("{2150E333-8FDC-42A3-9474-1A3956D46DE8}") = "tests", "tests", "{932F4F30-FFD5-40F7-AAB2-F9510B0027FF}"
EndProject
Project("{FAE04EC0-301F-11D3-BF4B-00C04F79EFBC}") = "Architecture.Tests", "Architecture.Tests\Architecture.Tests.csproj", "{2D398EAF-28EE-4F9F-B063-AE431A22F24A}"
EndProject
Project("{FAE04EC0-301F-11D3-BF4B-00C04F79EFBC}") = "Domain.Core", "src\Core\Domain.Core\Domain.Core.csproj", "{09B11963-5139-4824-A6EC-1D6CD4B997C8}"
EndProject
Project("{FAE04EC0-301F-11D3-BF4B-00C04F79EFBC}") = "Application.Contracts", "src\Core\Application.Contracts\Application.Contracts.csproj", "{508C8500-D066-4E8B-9DBC-C02B33658259}"
EndProject
Global
	GlobalSection(SolutionConfigurationPlatforms) = preSolution
		Debug|Any CPU = Debug|Any CPU
		Release|Any CPU = Release|Any CPU
	EndGlobalSection
	GlobalSection(ProjectConfigurationPlatforms) = postSolution
		{15A1C613-3C45-4915-8D14-9EEFEED57BE8}.Debug|Any CPU.ActiveCfg = Debug|Any CPU
		{15A1C613-3C45-4915-8D14-9EEFEED57BE8}.Debug|Any CPU.Build.0 = Debug|Any CPU
		{15A1C613-3C45-4915-8D14-9EEFEED57BE8}.Release|Any CPU.ActiveCfg = Release|Any CPU
		{15A1C613-3C45-4915-8D14-9EEFEED57BE8}.Release|Any CPU.Build.0 = Release|Any CPU
		{B3C0FE78-3116-47EF-A27D-16BEE3B44B08}.Debug|Any CPU.ActiveCfg = Debug|Any CPU
		{B3C0FE78-3116-47EF-A27D-16BEE3B44B08}.Debug|Any CPU.Build.0 = Debug|Any CPU
		{B3C0FE78-3116-47EF-A27D-16BEE3B44B08}.Release|Any CPU.ActiveCfg = Release|Any CPU
		{B3C0FE78-3116-47EF-A27D-16BEE3B44B08}.Release|Any CPU.Build.0 = Release|Any CPU
		{3BD5B46E-0A18-4A9A-A050-7D213AB4A6F9}.Debug|Any CPU.ActiveCfg = Debug|Any CPU
		{3BD5B46E-0A18-4A9A-A050-7D213AB4A6F9}.Debug|Any CPU.Build.0 = Debug|Any CPU
		{3BD5B46E-0A18-4A9A-A050-7D213AB4A6F9}.Release|Any CPU.ActiveCfg = Release|Any CPU
		{3BD5B46E-0A18-4A9A-A050-7D213AB4A6F9}.Release|Any CPU.Build.0 = Release|Any CPU
		{6D652CD6-9F3D-419C-A899-B9D0C2296763}.Debug|Any CPU.ActiveCfg = Debug|Any CPU
		{6D652CD6-9F3D-419C-A899-B9D0C2296763}.Debug|Any CPU.Build.0 = Debug|Any CPU
		{6D652CD6-9F3D-419C-A899-B9D0C2296763}.Release|Any CPU.ActiveCfg = Release|Any CPU
		{6D652CD6-9F3D-419C-A899-B9D0C2296763}.Release|Any CPU.Build.0 = Release|Any CPU
		{D0E86F42-1382-48AA-B56E-A8E4A2FC5286}.Debug|Any CPU.ActiveCfg = Debug|Any CPU
		{D0E86F42-1382-48AA-B56E-A8E4A2FC5286}.Debug|Any CPU.Build.0 = Debug|Any CPU
		{D0E86F42-1382-48AA-B56E-A8E4A2FC5286}.Release|Any CPU.ActiveCfg = Release|Any CPU
		{D0E86F42-1382-48AA-B56E-A8E4A2FC5286}.Release|Any CPU.Build.0 = Release|Any CPU
		{2D398EAF-28EE-4F9F-B063-AE431A22F24A}.Debug|Any CPU.ActiveCfg = Debug|Any CPU
		{2D398EAF-28EE-4F9F-B063-AE431A22F24A}.Debug|Any CPU.Build.0 = Debug|Any CPU
		{2D398EAF-28EE-4F9F-B063-AE431A22F24A}.Release|Any CPU.ActiveCfg = Release|Any CPU
		{2D398EAF-28EE-4F9F-B063-AE431A22F24A}.Release|Any CPU.Build.0 = Release|Any CPU
		{09B11963-5139-4824-A6EC-1D6CD4B997C8}.Debug|Any CPU.ActiveCfg = Debug|Any CPU
		{09B11963-5139-4824-A6EC-1D6CD4B997C8}.Debug|Any CPU.Build.0 = Debug|Any CPU
		{09B11963-5139-4824-A6EC-1D6CD4B997C8}.Release|Any CPU.ActiveCfg = Release|Any CPU
		{09B11963-5139-4824-A6EC-1D6CD4B997C8}.Release|Any CPU.Build.0 = Release|Any CPU
		{508C8500-D066-4E8B-9DBC-C02B33658259}.Debug|Any CPU.ActiveCfg = Debug|Any CPU
		{508C8500-D066-4E8B-9DBC-C02B33658259}.Debug|Any CPU.Build.0 = Debug|Any CPU
		{508C8500-D066-4E8B-9DBC-C02B33658259}.Release|Any CPU.ActiveCfg = Release|Any CPU
		{508C8500-D066-4E8B-9DBC-C02B33658259}.Release|Any CPU.Build.0 = Release|Any CPU
	EndGlobalSection
	GlobalSection(SolutionProperties) = preSolution
		HideSolutionNode = FALSE
	EndGlobalSection
	GlobalSection(NestedProjects) = preSolution
		{9D592764-8397-4BD1-87DD-1D7052DD20F9} = {1C74E64E-3CB8-4A30-B8B8-FCE344C615D0}
		{854C4797-045D-4317-916A-57FF32531214} = {1C74E64E-3CB8-4A30-B8B8-FCE344C615D0}
		{15A1C613-3C45-4915-8D14-9EEFEED57BE8} = {9D592764-8397-4BD1-87DD-1D7052DD20F9}
		{B3C0FE78-3116-47EF-A27D-16BEE3B44B08} = {9D592764-8397-4BD1-87DD-1D7052DD20F9}
		{3BD5B46E-0A18-4A9A-A050-7D213AB4A6F9} = {1C74E64E-3CB8-4A30-B8B8-FCE344C615D0}
		{6D652CD6-9F3D-419C-A899-B9D0C2296763} = {854C4797-045D-4317-916A-57FF32531214}
		{D0E86F42-1382-48AA-B56E-A8E4A2FC5286} = {854C4797-045D-4317-916A-57FF32531214}
		{2D398EAF-28EE-4F9F-B063-AE431A22F24A} = {932F4F30-FFD5-40F7-AAB2-F9510B0027FF}
		{09B11963-5139-4824-A6EC-1D6CD4B997C8} = {9D592764-8397-4BD1-87DD-1D7052DD20F9}
		{508C8500-D066-4E8B-9DBC-C02B33658259} = {9D592764-8397-4BD1-87DD-1D7052DD20F9}
	EndGlobalSection
	GlobalSection(ExtensibilityGlobals) = postSolution
		SolutionGuid = {8ED058C8-B3CA-454D-B272-400EE48DD05B}
	EndGlobalSection
EndGlobal
