
Microsoft Visual Studio Solution File, Format Version 12.00
# Visual Studio Version 17
VisualStudioVersion = 17.12.35309.182
MinimumVisualStudioVersion = 10.0.40219.1
Project("{2150E333-8FDC-42A3-9474-1A3956D46DE8}") = "src", "src", "{1C74E64E-3CB8-4A30-B8B8-FCE344C615D0}"
EndProject
Project("{2150E333-8FDC-42A3-9474-1A3956D46DE8}") = "Core", "Core", "{9D592764-8397-4BD1-87DD-1D7052DD20F9}"
EndProject
Project("{2150E333-8FDC-42A3-9474-1A3956D46DE8}") = "External", "External", "{854C4797-045D-4317-916A-57FF32531214}"
EndProject
Project("{2150E333-8FDC-42A3-9474-1A3956D46DE8}") = "tests", "tests", "{932F4F30-FFD5-40F7-AAB2-F9510B0027FF}"
EndProject
Project("{FAE04EC0-301F-11D3-BF4B-00C04F79EFBC}") = "Architecture.Tests", "tests\Architecture.Tests\Architecture.Tests.csproj", "{DA6C7269-638F-4FDB-B953-8896C4AAFEDD}"
EndProject
Project("{2150E333-8FDC-42A3-9474-1A3956D46DE8}") = "server", "server", "{4B17DD33-1E7F-4948-A99E-922DD022F03D}"
EndProject
Project("{FAE04EC0-301F-11D3-BF4B-00C04F79EFBC}") = "Domain.Core", "src\server\Core\Domain.Core\Domain.Core.csproj", "{28D5DF10-7D1E-4C5D-B3DD-7BBC57CE2448}"
EndProject
Project("{FAE04EC0-301F-11D3-BF4B-00C04F79EFBC}") = "Domain", "src\server\Core\Domain\Domain.csproj", "{86AFAE10-B00D-495C-AA1B-A7E24AEF9E9B}"
EndProject
Project("{FAE04EC0-301F-11D3-BF4B-00C04F79EFBC}") = "Application.Contracts", "src\server\Core\Application.Contracts\Application.Contracts.csproj", "{67D423C8-AB34-4525-9AC8-59ABFAC6C428}"
EndProject
Project("{FAE04EC0-301F-11D3-BF4B-00C04F79EFBC}") = "Application", "src\server\Core\Application\Application.csproj", "{5D68B205-0A4D-4E29-8B78-1B620814CEFB}"
EndProject
Project("{FAE04EC0-301F-11D3-BF4B-00C04F79EFBC}") = "Infrastructure", "src\server\External\Infrastructure\Infrastructure.csproj", "{1202089B-BDA9-483E-B20C-59E008909962}"
EndProject
Project("{FAE04EC0-301F-11D3-BF4B-00C04F79EFBC}") = "Presentation", "src\server\External\Presentation\Presentation.csproj", "{F3066FD6-81CC-4AA0-91E0-D0C7B22CC9EC}"
EndProject
Project("{FAE04EC0-301F-11D3-BF4B-00C04F79EFBC}") = "Web", "src\server\Web\Web.csproj", "{C0CE7C0D-03DA-4335-B66C-9FEFB94A0D31}"
EndProject
Global
	GlobalSection(SolutionConfigurationPlatforms) = preSolution
		Debug|Any CPU = Debug|Any CPU
		Release|Any CPU = Release|Any CPU
	EndGlobalSection
	GlobalSection(ProjectConfigurationPlatforms) = postSolution
		{DA6C7269-638F-4FDB-B953-8896C4AAFEDD}.Debug|Any CPU.ActiveCfg = Debug|Any CPU
		{DA6C7269-638F-4FDB-B953-8896C4AAFEDD}.Debug|Any CPU.Build.0 = Debug|Any CPU
		{DA6C7269-638F-4FDB-B953-8896C4AAFEDD}.Release|Any CPU.ActiveCfg = Release|Any CPU
		{DA6C7269-638F-4FDB-B953-8896C4AAFEDD}.Release|Any CPU.Build.0 = Release|Any CPU
		{28D5DF10-7D1E-4C5D-B3DD-7BBC57CE2448}.Debug|Any CPU.ActiveCfg = Debug|Any CPU
		{28D5DF10-7D1E-4C5D-B3DD-7BBC57CE2448}.Debug|Any CPU.Build.0 = Debug|Any CPU
		{28D5DF10-7D1E-4C5D-B3DD-7BBC57CE2448}.Release|Any CPU.ActiveCfg = Release|Any CPU
		{28D5DF10-7D1E-4C5D-B3DD-7BBC57CE2448}.Release|Any CPU.Build.0 = Release|Any CPU
		{86AFAE10-B00D-495C-AA1B-A7E24AEF9E9B}.Debug|Any CPU.ActiveCfg = Debug|Any CPU
		{86AFAE10-B00D-495C-AA1B-A7E24AEF9E9B}.Debug|Any CPU.Build.0 = Debug|Any CPU
		{86AFAE10-B00D-495C-AA1B-A7E24AEF9E9B}.Release|Any CPU.ActiveCfg = Release|Any CPU
		{86AFAE10-B00D-495C-AA1B-A7E24AEF9E9B}.Release|Any CPU.Build.0 = Release|Any CPU
		{67D423C8-AB34-4525-9AC8-59ABFAC6C428}.Debug|Any CPU.ActiveCfg = Debug|Any CPU
		{67D423C8-AB34-4525-9AC8-59ABFAC6C428}.Debug|Any CPU.Build.0 = Debug|Any CPU
		{67D423C8-AB34-4525-9AC8-59ABFAC6C428}.Release|Any CPU.ActiveCfg = Release|Any CPU
		{67D423C8-AB34-4525-9AC8-59ABFAC6C428}.Release|Any CPU.Build.0 = Release|Any CPU
		{5D68B205-0A4D-4E29-8B78-1B620814CEFB}.Debug|Any CPU.ActiveCfg = Debug|Any CPU
		{5D68B205-0A4D-4E29-8B78-1B620814CEFB}.Debug|Any CPU.Build.0 = Debug|Any CPU
		{5D68B205-0A4D-4E29-8B78-1B620814CEFB}.Release|Any CPU.ActiveCfg = Release|Any CPU
		{5D68B205-0A4D-4E29-8B78-1B620814CEFB}.Release|Any CPU.Build.0 = Release|Any CPU
		{1202089B-BDA9-483E-B20C-59E008909962}.Debug|Any CPU.ActiveCfg = Debug|Any CPU
		{1202089B-BDA9-483E-B20C-59E008909962}.Debug|Any CPU.Build.0 = Debug|Any CPU
		{1202089B-BDA9-483E-B20C-59E008909962}.Release|Any CPU.ActiveCfg = Release|Any CPU
		{1202089B-BDA9-483E-B20C-59E008909962}.Release|Any CPU.Build.0 = Release|Any CPU
		{F3066FD6-81CC-4AA0-91E0-D0C7B22CC9EC}.Debug|Any CPU.ActiveCfg = Debug|Any CPU
		{F3066FD6-81CC-4AA0-91E0-D0C7B22CC9EC}.Debug|Any CPU.Build.0 = Debug|Any CPU
		{F3066FD6-81CC-4AA0-91E0-D0C7B22CC9EC}.Release|Any CPU.ActiveCfg = Release|Any CPU
		{F3066FD6-81CC-4AA0-91E0-D0C7B22CC9EC}.Release|Any CPU.Build.0 = Release|Any CPU
		{C0CE7C0D-03DA-4335-B66C-9FEFB94A0D31}.Debug|Any CPU.ActiveCfg = Debug|Any CPU
		{C0CE7C0D-03DA-4335-B66C-9FEFB94A0D31}.Debug|Any CPU.Build.0 = Debug|Any CPU
		{C0CE7C0D-03DA-4335-B66C-9FEFB94A0D31}.Release|Any CPU.ActiveCfg = Release|Any CPU
		{C0CE7C0D-03DA-4335-B66C-9FEFB94A0D31}.Release|Any CPU.Build.0 = Release|Any CPU
	EndGlobalSection
	GlobalSection(SolutionProperties) = preSolution
		HideSolutionNode = FALSE
	EndGlobalSection
	GlobalSection(NestedProjects) = preSolution
		{9D592764-8397-4BD1-87DD-1D7052DD20F9} = {4B17DD33-1E7F-4948-A99E-922DD022F03D}
		{854C4797-045D-4317-916A-57FF32531214} = {4B17DD33-1E7F-4948-A99E-922DD022F03D}
		{DA6C7269-638F-4FDB-B953-8896C4AAFEDD} = {932F4F30-FFD5-40F7-AAB2-F9510B0027FF}
		{4B17DD33-1E7F-4948-A99E-922DD022F03D} = {1C74E64E-3CB8-4A30-B8B8-FCE344C615D0}
		{28D5DF10-7D1E-4C5D-B3DD-7BBC57CE2448} = {9D592764-8397-4BD1-87DD-1D7052DD20F9}
		{86AFAE10-B00D-495C-AA1B-A7E24AEF9E9B} = {9D592764-8397-4BD1-87DD-1D7052DD20F9}
		{67D423C8-AB34-4525-9AC8-59ABFAC6C428} = {9D592764-8397-4BD1-87DD-1D7052DD20F9}
		{5D68B205-0A4D-4E29-8B78-1B620814CEFB} = {9D592764-8397-4BD1-87DD-1D7052DD20F9}
		{1202089B-BDA9-483E-B20C-59E008909962} = {854C4797-045D-4317-916A-57FF32531214}
		{F3066FD6-81CC-4AA0-91E0-D0C7B22CC9EC} = {854C4797-045D-4317-916A-57FF32531214}
		{C0CE7C0D-03DA-4335-B66C-9FEFB94A0D31} = {4B17DD33-1E7F-4948-A99E-922DD022F03D}
	EndGlobalSection
	GlobalSection(ExtensibilityGlobals) = postSolution
		SolutionGuid = {8ED058C8-B3CA-454D-B272-400EE48DD05B}
	EndGlobalSection
EndGlobal
